{
  "name": "transact",
  "version": "1.0.0",
  "lockfileVersion": 2,
  "requires": true,
  "packages": {
    "": {
      "version": "1.0.0",
      "license": "ISC",
      "dependencies": {
        "@datastructures-js/heap": "^3.1.1"
      }
    },
    "node_modules/@datastructures-js/heap": {
      "version": "3.1.1",
      "resolved": "https://registry.npmjs.org/@datastructures-js/heap/-/heap-3.1.1.tgz",
      "integrity": "sha512-YwaiiusllkurZnMsYSB9WYKz9OhCY0siD/2RPRYtPQnH/BxHaV/YEprHcnfGUuowTVsByFGltqurc54C9+k03A=="
    }
  },
  "dependencies": {
    "@datastructures-js/heap": {
      "version": "3.1.1",
      "resolved": "https://registry.npmjs.org/@datastructures-js/heap/-/heap-3.1.1.tgz",
      "integrity": "sha512-YwaiiusllkurZnMsYSB9WYKz9OhCY0siD/2RPRYtPQnH/BxHaV/YEprHcnfGUuowTVsByFGltqurc54C9+k03A=="
    }
  }
}
